// !$*UTF8*$!
{
	archiveVersion = 1;
	classes = {
	};
	objectVersion = 46;
	objects = {

/* Begin PBXBuildFile section */
		34204B80035486BEF8D6C73E /* Pods_snapshareUITests.framework in Frameworks */ = {isa = PBXBuildFile; fileRef = 68F7214D7DE699DDC9FEA860 /* Pods_snapshareUITests.framework */; };
		571DCFD41F045E6E00522876 /* image_placeholder.png in Resources */ = {isa = PBXBuildFile; fileRef = 571DCFD31F045E6E00522876 /* image_placeholder.png */; };
		571DCFD61F04B28500522876 /* SnapShareLogo.png in Resources */ = {isa = PBXBuildFile; fileRef = 571DCFD51F04B28500522876 /* SnapShareLogo.png */; };
		571DCFD81F04B4F300522876 /* SnapShareLogoBig.png in Resources */ = {isa = PBXBuildFile; fileRef = 571DCFD71F04B4F300522876 /* SnapShareLogoBig.png */; };
		571F5D9D1F03B15F009441A7 /* User.swift in Sources */ = {isa = PBXBuildFile; fileRef = 571F5D9C1F03B15F009441A7 /* User.swift */; };
		571F5D9F1F03B247009441A7 /* UserTableViewCell.swift in Sources */ = {isa = PBXBuildFile; fileRef = 571F5D9E1F03B247009441A7 /* UserTableViewCell.swift */; };
		574494F11F01A61200F65932 /* LoginViewController.swift in Sources */ = {isa = PBXBuildFile; fileRef = 574494F01F01A61200F65932 /* LoginViewController.swift */; };
		574494F31F01BC3900F65932 /* PostTableViewCell.swift in Sources */ = {isa = PBXBuildFile; fileRef = 574494F21F01BC3900F65932 /* PostTableViewCell.swift */; };
		574494F51F01C09400F65932 /* CameraViewController.swift in Sources */ = {isa = PBXBuildFile; fileRef = 574494F41F01C09400F65932 /* CameraViewController.swift */; };
		574494F71F03370600F65932 /* Post.swift in Sources */ = {isa = PBXBuildFile; fileRef = 574494F61F03370600F65932 /* Post.swift */; };
		57CC327C1F01A1FA00282945 /* AppDelegate.swift in Sources */ = {isa = PBXBuildFile; fileRef = 57CC327B1F01A1FA00282945 /* AppDelegate.swift */; };
		57CC327E1F01A1FA00282945 /* HomeViewController.swift in Sources */ = {isa = PBXBuildFile; fileRef = 57CC327D1F01A1FA00282945 /* HomeViewController.swift */; };
		57CC32801F01A1FA00282945 /* FriendsViewController.swift in Sources */ = {isa = PBXBuildFile; fileRef = 57CC327F1F01A1FA00282945 /* FriendsViewController.swift */; };
		57CC32831F01A1FA00282945 /* Main.storyboard in Resources */ = {isa = PBXBuildFile; fileRef = 57CC32811F01A1FA00282945 /* Main.storyboard */; };
		57CC32851F01A1FA00282945 /* Assets.xcassets in Resources */ = {isa = PBXBuildFile; fileRef = 57CC32841F01A1FA00282945 /* Assets.xcassets */; };
		57CC32881F01A1FA00282945 /* LaunchScreen.storyboard in Resources */ = {isa = PBXBuildFile; fileRef = 57CC32861F01A1FA00282945 /* LaunchScreen.storyboard */; };
		57CC32931F01A1FA00282945 /* snapshareTests.swift in Sources */ = {isa = PBXBuildFile; fileRef = 57CC32921F01A1FA00282945 /* snapshareTests.swift */; };
		57CC329E1F01A1FA00282945 /* snapshareUITests.swift in Sources */ = {isa = PBXBuildFile; fileRef = 57CC329D1F01A1FA00282945 /* snapshareUITests.swift */; };
		57CC32AC1F01A21800282945 /* GoogleService-Info.plist in Resources */ = {isa = PBXBuildFile; fileRef = 57CC32AB1F01A21800282945 /* GoogleService-Info.plist */; };
		7DA329EE3F9C05751CB41A24 /* Pods_snapshareTests.framework in Frameworks */ = {isa = PBXBuildFile; fileRef = A812A410BA6A6FB1159ABEEB /* Pods_snapshareTests.framework */; };
		B03E9F3250EE5160E8BCADF6 /* Pods_snapshare.framework in Frameworks */ = {isa = PBXBuildFile; fileRef = 7195FCE8E5CBD419B92B6C1E /* Pods_snapshare.framework */; };
/* End PBXBuildFile section */

/* Begin PBXContainerItemProxy section */
		57CC328F1F01A1FA00282945 /* PBXContainerItemProxy */ = {
			isa = PBXContainerItemProxy;
			containerPortal = 57CC32701F01A1FA00282945 /* Project object */;
			proxyType = 1;
			remoteGlobalIDString = 57CC32771F01A1FA00282945;
			remoteInfo = snapshare;
		};
		57CC329A1F01A1FA00282945 /* PBXContainerItemProxy */ = {
			isa = PBXContainerItemProxy;
			containerPortal = 57CC32701F01A1FA00282945 /* Project object */;
			proxyType = 1;
			remoteGlobalIDString = 57CC32771F01A1FA00282945;
			remoteInfo = snapshare;
		};
/* End PBXContainerItemProxy section */

/* Begin PBXFileReference section */
		02BDCE0D94DD00416FA81610 /* Pods-snapshare.release.xcconfig */ = {isa = PBXFileReference; includeInIndex = 1; lastKnownFileType = text.xcconfig; name = "Pods-snapshare.release.xcconfig"; path = "Pods/Target Support Files/Pods-snapshare/Pods-snapshare.release.xcconfig"; sourceTree = "<group>"; };
		571DCFD31F045E6E00522876 /* image_placeholder.png */ = {isa = PBXFileReference; lastKnownFileType = image.png; path = image_placeholder.png; sourceTree = "<group>"; };
		571DCFD51F04B28500522876 /* SnapShareLogo.png */ = {isa = PBXFileReference; lastKnownFileType = image.png; path = SnapShareLogo.png; sourceTree = "<group>"; };
		571DCFD71F04B4F300522876 /* SnapShareLogoBig.png */ = {isa = PBXFileReference; lastKnownFileType = image.png; path = SnapShareLogoBig.png; sourceTree = "<group>"; };
		571F5D9C1F03B15F009441A7 /* User.swift */ = {isa = PBXFileReference; fileEncoding = 4; lastKnownFileType = sourcecode.swift; path = User.swift; sourceTree = "<group>"; };
		571F5D9E1F03B247009441A7 /* UserTableViewCell.swift */ = {isa = PBXFileReference; fileEncoding = 4; lastKnownFileType = sourcecode.swift; path = UserTableViewCell.swift; sourceTree = "<group>"; };
		574494F01F01A61200F65932 /* LoginViewController.swift */ = {isa = PBXFileReference; fileEncoding = 4; lastKnownFileType = sourcecode.swift; path = LoginViewController.swift; sourceTree = "<group>"; };
		574494F21F01BC3900F65932 /* PostTableViewCell.swift */ = {isa = PBXFileReference; fileEncoding = 4; lastKnownFileType = sourcecode.swift; path = PostTableViewCell.swift; sourceTree = "<group>"; };
		574494F41F01C09400F65932 /* CameraViewController.swift */ = {isa = PBXFileReference; fileEncoding = 4; lastKnownFileType = sourcecode.swift; path = CameraViewController.swift; sourceTree = "<group>"; };
		574494F61F03370600F65932 /* Post.swift */ = {isa = PBXFileReference; fileEncoding = 4; lastKnownFileType = sourcecode.swift; path = Post.swift; sourceTree = "<group>"; };
		57CC32781F01A1FA00282945 /* snapshare.app */ = {isa = PBXFileReference; explicitFileType = wrapper.application; includeInIndex = 0; path = snapshare.app; sourceTree = BUILT_PRODUCTS_DIR; };
		57CC327B1F01A1FA00282945 /* AppDelegate.swift */ = {isa = PBXFileReference; lastKnownFileType = sourcecode.swift; path = AppDelegate.swift; sourceTree = "<group>"; };
		57CC327D1F01A1FA00282945 /* HomeViewController.swift */ = {isa = PBXFileReference; lastKnownFileType = sourcecode.swift; path = HomeViewController.swift; sourceTree = "<group>"; };
		57CC327F1F01A1FA00282945 /* FriendsViewController.swift */ = {isa = PBXFileReference; lastKnownFileType = sourcecode.swift; path = FriendsViewController.swift; sourceTree = "<group>"; };
		57CC32821F01A1FA00282945 /* Base */ = {isa = PBXFileReference; lastKnownFileType = file.storyboard; name = Base; path = Base.lproj/Main.storyboard; sourceTree = "<group>"; };
		57CC32841F01A1FA00282945 /* Assets.xcassets */ = {isa = PBXFileReference; lastKnownFileType = folder.assetcatalog; path = Assets.xcassets; sourceTree = "<group>"; };
		57CC32871F01A1FA00282945 /* Base */ = {isa = PBXFileReference; lastKnownFileType = file.storyboard; name = Base; path = Base.lproj/LaunchScreen.storyboard; sourceTree = "<group>"; };
		57CC32891F01A1FA00282945 /* Info.plist */ = {isa = PBXFileReference; lastKnownFileType = text.plist.xml; path = Info.plist; sourceTree = "<group>"; };
		57CC328E1F01A1FA00282945 /* snapshareTests.xctest */ = {isa = PBXFileReference; explicitFileType = wrapper.cfbundle; includeInIndex = 0; path = snapshareTests.xctest; sourceTree = BUILT_PRODUCTS_DIR; };
		57CC32921F01A1FA00282945 /* snapshareTests.swift */ = {isa = PBXFileReference; lastKnownFileType = sourcecode.swift; path = snapshareTests.swift; sourceTree = "<group>"; };
		57CC32941F01A1FA00282945 /* Info.plist */ = {isa = PBXFileReference; lastKnownFileType = text.plist.xml; path = Info.plist; sourceTree = "<group>"; };
		57CC32991F01A1FA00282945 /* snapshareUITests.xctest */ = {isa = PBXFileReference; explicitFileType = wrapper.cfbundle; includeInIndex = 0; path = snapshareUITests.xctest; sourceTree = BUILT_PRODUCTS_DIR; };
		57CC329D1F01A1FA00282945 /* snapshareUITests.swift */ = {isa = PBXFileReference; lastKnownFileType = sourcecode.swift; path = snapshareUITests.swift; sourceTree = "<group>"; };
		57CC329F1F01A1FA00282945 /* Info.plist */ = {isa = PBXFileReference; lastKnownFileType = text.plist.xml; path = Info.plist; sourceTree = "<group>"; };
		57CC32AB1F01A21800282945 /* GoogleService-Info.plist */ = {isa = PBXFileReference; fileEncoding = 4; lastKnownFileType = text.plist.xml; path = "GoogleService-Info.plist"; sourceTree = "<group>"; };
		6705F44B98C2FFCEB36BE3BF /* Pods-snapshareUITests.release.xcconfig */ = {isa = PBXFileReference; includeInIndex = 1; lastKnownFileType = text.xcconfig; name = "Pods-snapshareUITests.release.xcconfig"; path = "Pods/Target Support Files/Pods-snapshareUITests/Pods-snapshareUITests.release.xcconfig"; sourceTree = "<group>"; };
		68F7214D7DE699DDC9FEA860 /* Pods_snapshareUITests.framework */ = {isa = PBXFileReference; explicitFileType = wrapper.framework; includeInIndex = 0; path = Pods_snapshareUITests.framework; sourceTree = BUILT_PRODUCTS_DIR; };
		7195FCE8E5CBD419B92B6C1E /* Pods_snapshare.framework */ = {isa = PBXFileReference; explicitFileType = wrapper.framework; includeInIndex = 0; path = Pods_snapshare.framework; sourceTree = BUILT_PRODUCTS_DIR; };
		74F6D103C4096CE6EE2DA05E /* Pods-snapshareUITests.debug.xcconfig */ = {isa = PBXFileReference; includeInIndex = 1; lastKnownFileType = text.xcconfig; name = "Pods-snapshareUITests.debug.xcconfig"; path = "Pods/Target Support Files/Pods-snapshareUITests/Pods-snapshareUITests.debug.xcconfig"; sourceTree = "<group>"; };
		A3DE5D36A0F6C9E7920DEC2A /* Pods-snapshareTests.release.xcconfig */ = {isa = PBXFileReference; includeInIndex = 1; lastKnownFileType = text.xcconfig; name = "Pods-snapshareTests.release.xcconfig"; path = "Pods/Target Support Files/Pods-snapshareTests/Pods-snapshareTests.release.xcconfig"; sourceTree = "<group>"; };
		A812A410BA6A6FB1159ABEEB /* Pods_snapshareTests.framework */ = {isa = PBXFileReference; explicitFileType = wrapper.framework; includeInIndex = 0; path = Pods_snapshareTests.framework; sourceTree = BUILT_PRODUCTS_DIR; };
		E2994AF34228E44C1EB2E852 /* Pods-snapshare.debug.xcconfig */ = {isa = PBXFileReference; includeInIndex = 1; lastKnownFileType = text.xcconfig; name = "Pods-snapshare.debug.xcconfig"; path = "Pods/Target Support Files/Pods-snapshare/Pods-snapshare.debug.xcconfig"; sourceTree = "<group>"; };
		E6EFDFF6551E8DD2A7F0DCA6 /* Pods-snapshareTests.debug.xcconfig */ = {isa = PBXFileReference; includeInIndex = 1; lastKnownFileType = text.xcconfig; name = "Pods-snapshareTests.debug.xcconfig"; path = "Pods/Target Support Files/Pods-snapshareTests/Pods-snapshareTests.debug.xcconfig"; sourceTree = "<group>"; };
/* End PBXFileReference section */

/* Begin PBXFrameworksBuildPhase section */
		57CC32751F01A1FA00282945 /* Frameworks */ = {
			isa = PBXFrameworksBuildPhase;
			buildActionMask = 2147483647;
			files = (
				B03E9F3250EE5160E8BCADF6 /* Pods_snapshare.framework in Frameworks */,
			);
			runOnlyForDeploymentPostprocessing = 0;
		};
		57CC328B1F01A1FA00282945 /* Frameworks */ = {
			isa = PBXFrameworksBuildPhase;
			buildActionMask = 2147483647;
			files = (
				7DA329EE3F9C05751CB41A24 /* Pods_snapshareTests.framework in Frameworks */,
			);
			runOnlyForDeploymentPostprocessing = 0;
		};
		57CC32961F01A1FA00282945 /* Frameworks */ = {
			isa = PBXFrameworksBuildPhase;
			buildActionMask = 2147483647;
			files = (
				34204B80035486BEF8D6C73E /* Pods_snapshareUITests.framework in Frameworks */,
			);
			runOnlyForDeploymentPostprocessing = 0;
		};
/* End PBXFrameworksBuildPhase section */

/* Begin PBXGroup section */
		57CC326F1F01A1FA00282945 = {
			isa = PBXGroup;
			children = (
				57CC327A1F01A1FA00282945 /* snapshare */,
				57CC32911F01A1FA00282945 /* snapshareTests */,
				57CC329C1F01A1FA00282945 /* snapshareUITests */,
				57CC32791F01A1FA00282945 /* Products */,
				D817609594ECB82DCC0224CF /* Pods */,
				F3E26CF2AB2EE07CBBE135F7 /* Frameworks */,
			);
			sourceTree = "<group>";
		};
		57CC32791F01A1FA00282945 /* Products */ = {
			isa = PBXGroup;
			children = (
				57CC32781F01A1FA00282945 /* snapshare.app */,
				57CC328E1F01A1FA00282945 /* snapshareTests.xctest */,
				57CC32991F01A1FA00282945 /* snapshareUITests.xctest */,
			);
			name = Products;
			sourceTree = "<group>";
		};
		57CC327A1F01A1FA00282945 /* snapshare */ = {
			isa = PBXGroup;
			children = (
				57CC327B1F01A1FA00282945 /* AppDelegate.swift */,
				574494F01F01A61200F65932 /* LoginViewController.swift */,
				57CC327D1F01A1FA00282945 /* HomeViewController.swift */,
				57CC327F1F01A1FA00282945 /* FriendsViewController.swift */,
				574494F21F01BC3900F65932 /* PostTableViewCell.swift */,
				574494F41F01C09400F65932 /* CameraViewController.swift */,
				574494F61F03370600F65932 /* Post.swift */,
				571F5D9C1F03B15F009441A7 /* User.swift */,
				571F5D9E1F03B247009441A7 /* UserTableViewCell.swift */,
				57CC32811F01A1FA00282945 /* Main.storyboard */,
				57CC32841F01A1FA00282945 /* Assets.xcassets */,
				57CC32861F01A1FA00282945 /* LaunchScreen.storyboard */,
				57CC32891F01A1FA00282945 /* Info.plist */,
				57CC32AB1F01A21800282945 /* GoogleService-Info.plist */,
				571DCFD71F04B4F300522876 /* SnapShareLogoBig.png */,
				571DCFD51F04B28500522876 /* SnapShareLogo.png */,
				571DCFD31F045E6E00522876 /* image_placeholder.png */,
			);
			path = snapshare;
			sourceTree = "<group>";
		};
		57CC32911F01A1FA00282945 /* snapshareTests */ = {
			isa = PBXGroup;
			children = (
				57CC32921F01A1FA00282945 /* snapshareTests.swift */,
				57CC32941F01A1FA00282945 /* Info.plist */,
			);
			path = snapshareTests;
			sourceTree = "<group>";
		};
		57CC329C1F01A1FA00282945 /* snapshareUITests */ = {
			isa = PBXGroup;
			children = (
				57CC329D1F01A1FA00282945 /* snapshareUITests.swift */,
				57CC329F1F01A1FA00282945 /* Info.plist */,
			);
			path = snapshareUITests;
			sourceTree = "<group>";
		};
		D817609594ECB82DCC0224CF /* Pods */ = {
			isa = PBXGroup;
			children = (
				E2994AF34228E44C1EB2E852 /* Pods-snapshare.debug.xcconfig */,
				02BDCE0D94DD00416FA81610 /* Pods-snapshare.release.xcconfig */,
				E6EFDFF6551E8DD2A7F0DCA6 /* Pods-snapshareTests.debug.xcconfig */,
				A3DE5D36A0F6C9E7920DEC2A /* Pods-snapshareTests.release.xcconfig */,
				74F6D103C4096CE6EE2DA05E /* Pods-snapshareUITests.debug.xcconfig */,
				6705F44B98C2FFCEB36BE3BF /* Pods-snapshareUITests.release.xcconfig */,
			);
			name = Pods;
			sourceTree = "<group>";
		};
		F3E26CF2AB2EE07CBBE135F7 /* Frameworks */ = {
			isa = PBXGroup;
			children = (
				7195FCE8E5CBD419B92B6C1E /* Pods_snapshare.framework */,
				A812A410BA6A6FB1159ABEEB /* Pods_snapshareTests.framework */,
				68F7214D7DE699DDC9FEA860 /* Pods_snapshareUITests.framework */,
			);
			name = Frameworks;
			sourceTree = "<group>";
		};
/* End PBXGroup section */

/* Begin PBXNativeTarget section */
		57CC32771F01A1FA00282945 /* snapshare */ = {
			isa = PBXNativeTarget;
			buildConfigurationList = 57CC32A21F01A1FA00282945 /* Build configuration list for PBXNativeTarget "snapshare" */;
			buildPhases = (
				12C05033FACBB82134FD6DCC /* [CP] Check Pods Manifest.lock */,
				57CC32741F01A1FA00282945 /* Sources */,
				57CC32751F01A1FA00282945 /* Frameworks */,
				57CC32761F01A1FA00282945 /* Resources */,
				D4CA526E8AC7860532CFCD07 /* [CP] Embed Pods Frameworks */,
				50B13975DD2039979D9F36BD /* [CP] Copy Pods Resources */,
			);
			buildRules = (
			);
			dependencies = (
			);
			name = snapshare;
			productName = snapshare;
			productReference = 57CC32781F01A1FA00282945 /* snapshare.app */;
			productType = "com.apple.product-type.application";
		};
		57CC328D1F01A1FA00282945 /* snapshareTests */ = {
			isa = PBXNativeTarget;
			buildConfigurationList = 57CC32A51F01A1FA00282945 /* Build configuration list for PBXNativeTarget "snapshareTests" */;
			buildPhases = (
				CED91BBEFAAEBB54C2BB0869 /* [CP] Check Pods Manifest.lock */,
				57CC328A1F01A1FA00282945 /* Sources */,
				57CC328B1F01A1FA00282945 /* Frameworks */,
				57CC328C1F01A1FA00282945 /* Resources */,
				4D14A93851A7046412FA3DA2 /* [CP] Embed Pods Frameworks */,
				831899E42A8B2C6DF96CD3F3 /* [CP] Copy Pods Resources */,
			);
			buildRules = (
			);
			dependencies = (
				57CC32901F01A1FA00282945 /* PBXTargetDependency */,
			);
			name = snapshareTests;
			productName = snapshareTests;
			productReference = 57CC328E1F01A1FA00282945 /* snapshareTests.xctest */;
			productType = "com.apple.product-type.bundle.unit-test";
		};
		57CC32981F01A1FA00282945 /* snapshareUITests */ = {
			isa = PBXNativeTarget;
			buildConfigurationList = 57CC32A81F01A1FA00282945 /* Build configuration list for PBXNativeTarget "snapshareUITests" */;
			buildPhases = (
				04C5ACB54ADF461CD594CFCA /* [CP] Check Pods Manifest.lock */,
				57CC32951F01A1FA00282945 /* Sources */,
				57CC32961F01A1FA00282945 /* Frameworks */,
				57CC32971F01A1FA00282945 /* Resources */,
				85F1E19F86C9E2249E25A5B8 /* [CP] Embed Pods Frameworks */,
				1A3C0C80A99C17F3B79B1C94 /* [CP] Copy Pods Resources */,
			);
			buildRules = (
			);
			dependencies = (
				57CC329B1F01A1FA00282945 /* PBXTargetDependency */,
			);
			name = snapshareUITests;
			productName = snapshareUITests;
			productReference = 57CC32991F01A1FA00282945 /* snapshareUITests.xctest */;
			productType = "com.apple.product-type.bundle.ui-testing";
		};
/* End PBXNativeTarget section */

/* Begin PBXProject section */
		57CC32701F01A1FA00282945 /* Project object */ = {
			isa = PBXProject;
			attributes = {
				LastSwiftUpdateCheck = 0830;
				LastUpgradeCheck = 0830;
				ORGANIZATIONNAME = Vinfranryia;
				TargetAttributes = {
					57CC32771F01A1FA00282945 = {
						CreatedOnToolsVersion = 8.3.3;
						ProvisioningStyle = Automatic;
					};
					57CC328D1F01A1FA00282945 = {
						CreatedOnToolsVersion = 8.3.3;
						ProvisioningStyle = Automatic;
						TestTargetID = 57CC32771F01A1FA00282945;
					};
					57CC32981F01A1FA00282945 = {
						CreatedOnToolsVersion = 8.3.3;
						ProvisioningStyle = Automatic;
						TestTargetID = 57CC32771F01A1FA00282945;
					};
				};
			};
			buildConfigurationList = 57CC32731F01A1FA00282945 /* Build configuration list for PBXProject "snapshare" */;
			compatibilityVersion = "Xcode 3.2";
			developmentRegion = English;
			hasScannedForEncodings = 0;
			knownRegions = (
				en,
				Base,
			);
			mainGroup = 57CC326F1F01A1FA00282945;
			productRefGroup = 57CC32791F01A1FA00282945 /* Products */;
			projectDirPath = "";
			projectRoot = "";
			targets = (
				57CC32771F01A1FA00282945 /* snapshare */,
				57CC328D1F01A1FA00282945 /* snapshareTests */,
				57CC32981F01A1FA00282945 /* snapshareUITests */,
			);
		};
/* End PBXProject section */

/* Begin PBXResourcesBuildPhase section */
		57CC32761F01A1FA00282945 /* Resources */ = {
			isa = PBXResourcesBuildPhase;
			buildActionMask = 2147483647;
			files = (
				57CC32881F01A1FA00282945 /* LaunchScreen.storyboard in Resources */,
				57CC32AC1F01A21800282945 /* GoogleService-Info.plist in Resources */,
				571DCFD41F045E6E00522876 /* image_placeholder.png in Resources */,
				57CC32851F01A1FA00282945 /* Assets.xcassets in Resources */,
				571DCFD61F04B28500522876 /* SnapShareLogo.png in Resources */,
				57CC32831F01A1FA00282945 /* Main.storyboard in Resources */,
				571DCFD81F04B4F300522876 /* SnapShareLogoBig.png in Resources */,
			);
			runOnlyForDeploymentPostprocessing = 0;
		};
		57CC328C1F01A1FA00282945 /* Resources */ = {
			isa = PBXResourcesBuildPhase;
			buildActionMask = 2147483647;
			files = (
			);
			runOnlyForDeploymentPostprocessing = 0;
		};
		57CC32971F01A1FA00282945 /* Resources */ = {
			isa = PBXResourcesBuildPhase;
			buildActionMask = 2147483647;
			files = (
			);
			runOnlyForDeploymentPostprocessing = 0;
		};
/* End PBXResourcesBuildPhase section */

/* Begin PBXShellScriptBuildPhase section */
		04C5ACB54ADF461CD594CFCA /* [CP] Check Pods Manifest.lock */ = {
			isa = PBXShellScriptBuildPhase;
			buildActionMask = 2147483647;
			files = (
			);
			inputPaths = (
			);
			name = "[CP] Check Pods Manifest.lock";
			outputPaths = (
			);
			runOnlyForDeploymentPostprocessing = 0;
			shellPath = /bin/sh;
			shellScript = "diff \"${PODS_PODFILE_DIR_PATH}/Podfile.lock\" \"${PODS_ROOT}/Manifest.lock\" > /dev/null\nif [ $? != 0 ] ; then\n    # print error to STDERR\n    echo \"error: The sandbox is not in sync with the Podfile.lock. Run 'pod install' or update your CocoaPods installation.\" >&2\n    exit 1\nfi\n";
			showEnvVarsInLog = 0;
		};
		12C05033FACBB82134FD6DCC /* [CP] Check Pods Manifest.lock */ = {
			isa = PBXShellScriptBuildPhase;
			buildActionMask = 2147483647;
			files = (
			);
			inputPaths = (
			);
			name = "[CP] Check Pods Manifest.lock";
			outputPaths = (
			);
			runOnlyForDeploymentPostprocessing = 0;
			shellPath = /bin/sh;
			shellScript = "diff \"${PODS_PODFILE_DIR_PATH}/Podfile.lock\" \"${PODS_ROOT}/Manifest.lock\" > /dev/null\nif [ $? != 0 ] ; then\n    # print error to STDERR\n    echo \"error: The sandbox is not in sync with the Podfile.lock. Run 'pod install' or update your CocoaPods installation.\" >&2\n    exit 1\nfi\n";
			showEnvVarsInLog = 0;
		};
		1A3C0C80A99C17F3B79B1C94 /* [CP] Copy Pods Resources */ = {
			isa = PBXShellScriptBuildPhase;
			buildActionMask = 2147483647;
			files = (
			);
			inputPaths = (
			);
			name = "[CP] Copy Pods Resources";
			outputPaths = (
			);
			runOnlyForDeploymentPostprocessing = 0;
			shellPath = /bin/sh;
			shellScript = "\"${SRCROOT}/Pods/Target Support Files/Pods-snapshareUITests/Pods-snapshareUITests-resources.sh\"\n";
			showEnvVarsInLog = 0;
		};
		4D14A93851A7046412FA3DA2 /* [CP] Embed Pods Frameworks */ = {
			isa = PBXShellScriptBuildPhase;
			buildActionMask = 2147483647;
			files = (
			);
			inputPaths = (
			);
			name = "[CP] Embed Pods Frameworks";
			outputPaths = (
			);
			runOnlyForDeploymentPostprocessing = 0;
			shellPath = /bin/sh;
			shellScript = "\"${SRCROOT}/Pods/Target Support Files/Pods-snapshareTests/Pods-snapshareTests-frameworks.sh\"\n";
			showEnvVarsInLog = 0;
		};
		50B13975DD2039979D9F36BD /* [CP] Copy Pods Resources */ = {
			isa = PBXShellScriptBuildPhase;
			buildActionMask = 2147483647;
			files = (
			);
			inputPaths = (
			);
			name = "[CP] Copy Pods Resources";
			outputPaths = (
			);
			runOnlyForDeploymentPostprocessing = 0;
			shellPath = /bin/sh;
			shellScript = "\"${SRCROOT}/Pods/Target Support Files/Pods-snapshare/Pods-snapshare-resources.sh\"\n";
			showEnvVarsInLog = 0;
		};
		831899E42A8B2C6DF96CD3F3 /* [CP] Copy Pods Resources */ = {
			isa = PBXShellScriptBuildPhase;
			buildActionMask = 2147483647;
			files = (
			);
			inputPaths = (
			);
			name = "[CP] Copy Pods Resources";
			outputPaths = (
			);
			runOnlyForDeploymentPostprocessing = 0;
			shellPath = /bin/sh;
			shellScript = "\"${SRCROOT}/Pods/Target Support Files/Pods-snapshareTests/Pods-snapshareTests-resources.sh\"\n";
			showEnvVarsInLog = 0;
		};
		85F1E19F86C9E2249E25A5B8 /* [CP] Embed Pods Frameworks */ = {
			isa = PBXShellScriptBuildPhase;
			buildActionMask = 2147483647;
			files = (
			);
			inputPaths = (
			);
			name = "[CP] Embed Pods Frameworks";
			outputPaths = (
			);
			runOnlyForDeploymentPostprocessing = 0;
			shellPath = /bin/sh;
			shellScript = "\"${SRCROOT}/Pods/Target Support Files/Pods-snapshareUITests/Pods-snapshareUITests-frameworks.sh\"\n";
			showEnvVarsInLog = 0;
		};
		CED91BBEFAAEBB54C2BB0869 /* [CP] Check Pods Manifest.lock */ = {
			isa = PBXShellScriptBuildPhase;
			buildActionMask = 2147483647;
			files = (
			);
			inputPaths = (
			);
			name = "[CP] Check Pods Manifest.lock";
			outputPaths = (
			);
			runOnlyForDeploymentPostprocessing = 0;
			shellPath = /bin/sh;
			shellScript = "diff \"${PODS_PODFILE_DIR_PATH}/Podfile.lock\" \"${PODS_ROOT}/Manifest.lock\" > /dev/null\nif [ $? != 0 ] ; then\n    # print error to STDERR\n    echo \"error: The sandbox is not in sync with the Podfile.lock. Run 'pod install' or update your CocoaPods installation.\" >&2\n    exit 1\nfi\n";
			showEnvVarsInLog = 0;
		};
		D4CA526E8AC7860532CFCD07 /* [CP] Embed Pods Frameworks */ = {
			isa = PBXShellScriptBuildPhase;
			buildActionMask = 2147483647;
			files = (
			);
			inputPaths = (
			);
			name = "[CP] Embed Pods Frameworks";
			outputPaths = (
			);
			runOnlyForDeploymentPostprocessing = 0;
			shellPath = /bin/sh;
			shellScript = "\"${SRCROOT}/Pods/Target Support Files/Pods-snapshare/Pods-snapshare-frameworks.sh\"\n";
			showEnvVarsInLog = 0;
		};
/* End PBXShellScriptBuildPhase section */

/* Begin PBXSourcesBuildPhase section */
		57CC32741F01A1FA00282945 /* Sources */ = {
			isa = PBXSourcesBuildPhase;
			buildActionMask = 2147483647;
			files = (
				574494F11F01A61200F65932 /* LoginViewController.swift in Sources */,
				571F5D9F1F03B247009441A7 /* UserTableViewCell.swift in Sources */,
				57CC32801F01A1FA00282945 /* FriendsViewController.swift in Sources */,
				574494F31F01BC3900F65932 /* PostTableViewCell.swift in Sources */,
				57CC327C1F01A1FA00282945 /* AppDelegate.swift in Sources */,
				571F5D9D1F03B15F009441A7 /* User.swift in Sources */,
				57CC327E1F01A1FA00282945 /* HomeViewController.swift in Sources */,
				574494F71F03370600F65932 /* Post.swift in Sources */,
				574494F51F01C09400F65932 /* CameraViewController.swift in Sources */,
			);
			runOnlyForDeploymentPostprocessing = 0;
		};
		57CC328A1F01A1FA00282945 /* Sources */ = {
			isa = PBXSourcesBuildPhase;
			buildActionMask = 2147483647;
			files = (
				57CC32931F01A1FA00282945 /* snapshareTests.swift in Sources */,
			);
			runOnlyForDeploymentPostprocessing = 0;
		};
		57CC32951F01A1FA00282945 /* Sources */ = {
			isa = PBXSourcesBuildPhase;
			buildActionMask = 2147483647;
			files = (
				57CC329E1F01A1FA00282945 /* snapshareUITests.swift in Sources */,
			);
			runOnlyForDeploymentPostprocessing = 0;
		};
/* End PBXSourcesBuildPhase section */

/* Begin PBXTargetDependency section */
		57CC32901F01A1FA00282945 /* PBXTargetDependency */ = {
			isa = PBXTargetDependency;
			target = 57CC32771F01A1FA00282945 /* snapshare */;
			targetProxy = 57CC328F1F01A1FA00282945 /* PBXContainerItemProxy */;
		};
		57CC329B1F01A1FA00282945 /* PBXTargetDependency */ = {
			isa = PBXTargetDependency;
			target = 57CC32771F01A1FA00282945 /* snapshare */;
			targetProxy = 57CC329A1F01A1FA00282945 /* PBXContainerItemProxy */;
		};
/* End PBXTargetDependency section */

/* Begin PBXVariantGroup section */
		57CC32811F01A1FA00282945 /* Main.storyboard */ = {
			isa = PBXVariantGroup;
			children = (
				57CC32821F01A1FA00282945 /* Base */,
			);
			name = Main.storyboard;
			sourceTree = "<group>";
		};
		57CC32861F01A1FA00282945 /* LaunchScreen.storyboard */ = {
			isa = PBXVariantGroup;
			children = (
				57CC32871F01A1FA00282945 /* Base */,
			);
			name = LaunchScreen.storyboard;
			sourceTree = "<group>";
		};
/* End PBXVariantGroup section */

/* Begin XCBuildConfiguration section */
		57CC32A01F01A1FA00282945 /* Debug */ = {
			isa = XCBuildConfiguration;
			buildSettings = {
				ALWAYS_SEARCH_USER_PATHS = NO;
				CLANG_ANALYZER_NONNULL = YES;
				CLANG_ANALYZER_NUMBER_OBJECT_CONVERSION = YES_AGGRESSIVE;
				CLANG_CXX_LANGUAGE_STANDARD = "gnu++0x";
				CLANG_CXX_LIBRARY = "libc++";
				CLANG_ENABLE_MODULES = YES;
				CLANG_ENABLE_OBJC_ARC = YES;
				CLANG_WARN_BOOL_CONVERSION = YES;
				CLANG_WARN_CONSTANT_CONVERSION = YES;
				CLANG_WARN_DIRECT_OBJC_ISA_USAGE = YES_ERROR;
				CLANG_WARN_DOCUMENTATION_COMMENTS = YES;
				CLANG_WARN_EMPTY_BODY = YES;
				CLANG_WARN_ENUM_CONVERSION = YES;
				CLANG_WARN_INFINITE_RECURSION = YES;
				CLANG_WARN_INT_CONVERSION = YES;
				CLANG_WARN_OBJC_ROOT_CLASS = YES_ERROR;
				CLANG_WARN_SUSPICIOUS_MOVE = YES;
				CLANG_WARN_UNREACHABLE_CODE = YES;
				CLANG_WARN__DUPLICATE_METHOD_MATCH = YES;
				"CODE_SIGN_IDENTITY[sdk=iphoneos*]" = "iPhone Developer";
				COPY_PHASE_STRIP = NO;
				DEBUG_INFORMATION_FORMAT = dwarf;
				ENABLE_STRICT_OBJC_MSGSEND = YES;
				ENABLE_TESTABILITY = YES;
				GCC_C_LANGUAGE_STANDARD = gnu99;
				GCC_DYNAMIC_NO_PIC = NO;
				GCC_NO_COMMON_BLOCKS = YES;
				GCC_OPTIMIZATION_LEVEL = 0;
				GCC_PREPROCESSOR_DEFINITIONS = (
					"DEBUG=1",
					"$(inherited)",
				);
				GCC_WARN_64_TO_32_BIT_CONVERSION = YES;
				GCC_WARN_ABOUT_RETURN_TYPE = YES_ERROR;
				GCC_WARN_UNDECLARED_SELECTOR = YES;
				GCC_WARN_UNINITIALIZED_AUTOS = YES_AGGRESSIVE;
				GCC_WARN_UNUSED_FUNCTION = YES;
				GCC_WARN_UNUSED_VARIABLE = YES;
				IPHONEOS_DEPLOYMENT_TARGET = 10.3;
				MTL_ENABLE_DEBUG_INFO = YES;
				ONLY_ACTIVE_ARCH = YES;
				SDKROOT = iphoneos;
				SWIFT_ACTIVE_COMPILATION_CONDITIONS = DEBUG;
				SWIFT_OPTIMIZATION_LEVEL = "-Onone";
				TARGETED_DEVICE_FAMILY = "1,2";
			};
			name = Debug;
		};
		57CC32A11F01A1FA00282945 /* Release */ = {
			isa = XCBuildConfiguration;
			buildSettings = {
				ALWAYS_SEARCH_USER_PATHS = NO;
				CLANG_ANALYZER_NONNULL = YES;
				CLANG_ANALYZER_NUMBER_OBJECT_CONVERSION = YES_AGGRESSIVE;
				CLANG_CXX_LANGUAGE_STANDARD = "gnu++0x";
				CLANG_CXX_LIBRARY = "libc++";
				CLANG_ENABLE_MODULES = YES;
				CLANG_ENABLE_OBJC_ARC = YES;
				CLANG_WARN_BOOL_CONVERSION = YES;
				CLANG_WARN_CONSTANT_CONVERSION = YES;
				CLANG_WARN_DIRECT_OBJC_ISA_USAGE = YES_ERROR;
				CLANG_WARN_DOCUMENTATION_COMMENTS = YES;
				CLANG_WARN_EMPTY_BODY = YES;
				CLANG_WARN_ENUM_CONVERSION = YES;
				CLANG_WARN_INFINITE_RECURSION = YES;
				CLANG_WARN_INT_CONVERSION = YES;
				CLANG_WARN_OBJC_ROOT_CLASS = YES_ERROR;
				CLANG_WARN_SUSPICIOUS_MOVE = YES;
				CLANG_WARN_UNREACHABLE_CODE = YES;
				CLANG_WARN__DUPLICATE_METHOD_MATCH = YES;
				"CODE_SIGN_IDENTITY[sdk=iphoneos*]" = "iPhone Developer";
				COPY_PHASE_STRIP = NO;
				DEBUG_INFORMATION_FORMAT = "dwarf-with-dsym";
				ENABLE_NS_ASSERTIONS = NO;
				ENABLE_STRICT_OBJC_MSGSEND = YES;
				GCC_C_LANGUAGE_STANDARD = gnu99;
				GCC_NO_COMMON_BLOCKS = YES;
				GCC_WARN_64_TO_32_BIT_CONVERSION = YES;
				GCC_WARN_ABOUT_RETURN_TYPE = YES_ERROR;
				GCC_WARN_UNDECLARED_SELECTOR = YES;
				GCC_WARN_UNINITIALIZED_AUTOS = YES_AGGRESSIVE;
				GCC_WARN_UNUSED_FUNCTION = YES;
				GCC_WARN_UNUSED_VARIABLE = YES;
				IPHONEOS_DEPLOYMENT_TARGET = 10.3;
				MTL_ENABLE_DEBUG_INFO = NO;
				SDKROOT = iphoneos;
				SWIFT_OPTIMIZATION_LEVEL = "-Owholemodule";
				TARGETED_DEVICE_FAMILY = "1,2";
				VALIDATE_PRODUCT = YES;
			};
			name = Release;
		};
		57CC32A31F01A1FA00282945 /* Debug */ = {
			isa = XCBuildConfiguration;
			baseConfigurationReference = E2994AF34228E44C1EB2E852 /* Pods-snapshare.debug.xcconfig */;
			buildSettings = {
				ASSETCATALOG_COMPILER_APPICON_NAME = AppIcon;
				INFOPLIST_FILE = snapshare/Info.plist;
				LD_RUNPATH_SEARCH_PATHS = "$(inherited) @executable_path/Frameworks";
				PRODUCT_BUNDLE_IDENTIFIER = vinfranryia.snapshare;
				PRODUCT_NAME = "$(TARGET_NAME)";
				SWIFT_VERSION = 3.0;
			};
			name = Debug;
		};
		57CC32A41F01A1FA00282945 /* Release */ = {
			isa = XCBuildConfiguration;
			baseConfigurationReference = 02BDCE0D94DD00416FA81610 /* Pods-snapshare.release.xcconfig */;
			buildSettings = {
				ASSETCATALOG_COMPILER_APPICON_NAME = AppIcon;
				INFOPLIST_FILE = snapshare/Info.plist;
				LD_RUNPATH_SEARCH_PATHS = "$(inherited) @executable_path/Frameworks";
				PRODUCT_BUNDLE_IDENTIFIER = vinfranryia.snapshare;
				PRODUCT_NAME = "$(TARGET_NAME)";
				SWIFT_VERSION = 3.0;
			};
			name = Release;
		};
		57CC32A61F01A1FA00282945 /* Debug */ = {
			isa = XCBuildConfiguration;
			baseConfigurationReference = E6EFDFF6551E8DD2A7F0DCA6 /* Pods-snapshareTests.debug.xcconfig */;
			buildSettings = {
				ALWAYS_EMBED_SWIFT_STANDARD_LIBRARIES = YES;
				BUNDLE_LOADER = "$(TEST_HOST)";
				INFOPLIST_FILE = snapshareTests/Info.plist;
				LD_RUNPATH_SEARCH_PATHS = "$(inherited) @executable_path/Frameworks @loader_path/Frameworks";
				PRODUCT_BUNDLE_IDENTIFIER = vinfranryia.snapshareTests;
				PRODUCT_NAME = "$(TARGET_NAME)";
				SWIFT_VERSION = 3.0;
				TEST_HOST = "$(BUILT_PRODUCTS_DIR)/snapshare.app/snapshare";
			};
			name = Debug;
		};
		57CC32A71F01A1FA00282945 /* Release */ = {
			isa = XCBuildConfiguration;
			baseConfigurationReference = A3DE5D36A0F6C9E7920DEC2A /* Pods-snapshareTests.release.xcconfig */;
			buildSettings = {
				ALWAYS_EMBED_SWIFT_STANDARD_LIBRARIES = YES;
				BUNDLE_LOADER = "$(TEST_HOST)";
				INFOPLIST_FILE = snapshareTests/Info.plist;
				LD_RUNPATH_SEARCH_PATHS = "$(inherited) @executable_path/Frameworks @loader_path/Frameworks";
				PRODUCT_BUNDLE_IDENTIFIER = vinfranryia.snapshareTests;
				PRODUCT_NAME = "$(TARGET_NAME)";
				SWIFT_VERSION = 3.0;
				TEST_HOST = "$(BUILT_PRODUCTS_DIR)/snapshare.app/snapshare";
			};
			name = Release;
		};
		57CC32A91F01A1FA00282945 /* Debug */ = {
			isa = XCBuildConfiguration;
			baseConfigurationReference = 74F6D103C4096CE6EE2DA05E /* Pods-snapshareUITests.debug.xcconfig */;
			buildSettings = {
				ALWAYS_EMBED_SWIFT_STANDARD_LIBRARIES = YES;
				INFOPLIST_FILE = snapshareUITests/Info.plist;
				LD_RUNPATH_SEARCH_PATHS = "$(inherited) @executable_path/Frameworks @loader_path/Frameworks";
				PRODUCT_BUNDLE_IDENTIFIER = vinfranryia.snapshareUITests;
				PRODUCT_NAME = "$(TARGET_NAME)";
				SWIFT_VERSION = 3.0;
				TEST_TARGET_NAME = snapshare;
			};
			name = Debug;
		};
		57CC32AA1F01A1FA00282945 /* Release */ = {
			isa = XCBuildConfiguration;
			baseConfigurationReference = 6705F44B98C2FFCEB36BE3BF /* Pods-snapshareUITests.release.xcconfig */;
			buildSettings = {
				ALWAYS_EMBED_SWIFT_STANDARD_LIBRARIES = YES;
				INFOPLIST_FILE = snapshareUITests/Info.plist;
				LD_RUNPATH_SEARCH_PATHS = "$(inherited) @executable_path/Frameworks @loader_path/Frameworks";
				PRODUCT_BUNDLE_IDENTIFIER = vinfranryia.snapshareUITests;
				PRODUCT_NAME = "$(TARGET_NAME)";
				SWIFT_VERSION = 3.0;
				TEST_TARGET_NAME = snapshare;
			};
			name = Release;
		};
/* End XCBuildConfiguration section */

/* Begin XCConfigurationList section */
		57CC32731F01A1FA00282945 /* Build configuration list for PBXProject "snapshare" */ = {
			isa = XCConfigurationList;
			buildConfigurations = (
				57CC32A01F01A1FA00282945 /* Debug */,
				57CC32A11F01A1FA00282945 /* Release */,
			);
			defaultConfigurationIsVisible = 0;
			defaultConfigurationName = Release;
		};
		57CC32A21F01A1FA00282945 /* Build configuration list for PBXNativeTarget "snapshare" */ = {
			isa = XCConfigurationList;
			buildConfigurations = (
				57CC32A31F01A1FA00282945 /* Debug */,
				57CC32A41F01A1FA00282945 /* Release */,
			);
			defaultConfigurationIsVisible = 0;
			defaultConfigurationName = Release;
		};
		57CC32A51F01A1FA00282945 /* Build configuration list for PBXNativeTarget "snapshareTests" */ = {
			isa = XCConfigurationList;
			buildConfigurations = (
				57CC32A61F01A1FA00282945 /* Debug */,
				57CC32A71F01A1FA00282945 /* Release */,
			);
			defaultConfigurationIsVisible = 0;
			defaultConfigurationName = Release;
		};
		57CC32A81F01A1FA00282945 /* Build configuration list for PBXNativeTarget "snapshareUITests" */ = {
			isa = XCConfigurationList;
			buildConfigurations = (
				57CC32A91F01A1FA00282945 /* Debug */,
				57CC32AA1F01A1FA00282945 /* Release */,
			);
			defaultConfigurationIsVisible = 0;
			defaultConfigurationName = Release;
		};
/* End XCConfigurationList section */
	};
	rootObject = 57CC32701F01A1FA00282945 /* Project object */;
}
